
Microsoft Visual Studio Solution File, Format Version 12.00
# Visual Studio 15
VisualStudioVersion = 15.0.27703.2035
MinimumVisualStudioVersion = 10.0.40219.1
Project("{8BC9CEB8-8B4A-11D0-8D11-00A0C91BC942}") = "Driver_Memoryallocation", "Driver_Memoryallocation\Driver_Memoryallocation.vcxproj", "{C9B0F93D-3586-4D7A-99E9-1B0682A3324C}"
EndProject
Global
	GlobalSection(SolutionConfigurationPlatforms) = preSolution
		Debug|ARM = Debug|ARM
		Debug|ARM64 = Debug|ARM64
		Debug|x64 = Debug|x64
		Debug|x86 = Debug|x86
		Release|ARM = Release|ARM
		Release|ARM64 = Release|ARM64
		Release|x64 = Release|x64
		Release|x86 = Release|x86
	EndGlobalSection
	GlobalSection(ProjectConfigurationPlatforms) = postSolution
		{C9B0F93D-3586-4D7A-99E9-1B0682A3324C}.Debug|ARM.ActiveCfg = Debug|ARM
		{C9B0F93D-3586-4D7A-99E9-1B0682A3324C}.Debug|ARM.Build.0 = Debug|ARM
		{C9B0F93D-3586-4D7A-99E9-1B0682A3324C}.Debug|ARM.Deploy.0 = Debug|ARM
		{C9B0F93D-3586-4D7A-99E9-1B0682A3324C}.Debug|ARM64.ActiveCfg = Debug|ARM64
		{C9B0F93D-3586-4D7A-99E9-1B0682A3324C}.Debug|ARM64.Build.0 = Debug|ARM64
		{C9B0F93D-3586-4D7A-99E9-1B0682A3324C}.Debug|ARM64.Deploy.0 = Debug|ARM64
		{C9B0F93D-3586-4D7A-99E9-1B0682A3324C}.Debug|x64.ActiveCfg = Debug|x64
		{C9B0F93D-3586-4D7A-99E9-1B0682A3324C}.Debug|x64.Build.0 = Debug|x64
		{C9B0F93D-3586-4D7A-99E9-1B0682A3324C}.Debug|x64.Deploy.0 = Debug|x64
		{C9B0F93D-3586-4D7A-99E9-1B0682A3324C}.Debug|x86.ActiveCfg = Debug|Win32
		{C9B0F93D-3586-4D7A-99E9-1B0682A3324C}.Debug|x86.Build.0 = Debug|Win32
		{C9B0F93D-3586-4D7A-99E9-1B0682A3324C}.Debug|x86.Deploy.0 = Debug|Win32
		{C9B0F93D-3586-4D7A-99E9-1B0682A3324C}.Release|ARM.ActiveCfg = Release|ARM
		{C9B0F93D-3586-4D7A-99E9-1B0682A3324C}.Release|ARM.Build.0 = Release|ARM
		{C9B0F93D-3586-4D7A-99E9-1B0682A3324C}.Release|ARM.Deploy.0 = Release|ARM
		{C9B0F93D-3586-4D7A-99E9-1B0682A3324C}.Release|ARM64.ActiveCfg = Release|ARM64
		{C9B0F93D-3586-4D7A-99E9-1B0682A3324C}.Release|ARM64.Build.0 = Release|ARM64
		{C9B0F93D-3586-4D7A-99E9-1B0682A3324C}.Release|ARM64.Deploy.0 = Release|ARM64
		{C9B0F93D-3586-4D7A-99E9-1B0682A3324C}.Release|x64.ActiveCfg = Release|x64
		{C9B0F93D-3586-4D7A-99E9-1B0682A3324C}.Release|x64.Build.0 = Release|x64
		{C9B0F93D-3586-4D7A-99E9-1B0682A3324C}.Release|x64.Deploy.0 = Release|x64
		{C9B0F93D-3586-4D7A-99E9-1B0682A3324C}.Release|x86.ActiveCfg = Release|Win32
		{C9B0F93D-3586-4D7A-99E9-1B0682A3324C}.Release|x86.Build.0 = Release|Win32
		{C9B0F93D-3586-4D7A-99E9-1B0682A3324C}.Release|x86.Deploy.0 = Release|Win32
	EndGlobalSection
	GlobalSection(SolutionProperties) = preSolution
		HideSolutionNode = FALSE
	EndGlobalSection
	GlobalSection(ExtensibilityGlobals) = postSolution
		SolutionGuid = {99298A65-8A73-48E9-B988-DD3D97996820}
	EndGlobalSection
EndGlobal
